
Microsoft Visual Studio Solution File, Format Version 12.00
# Visual Studio Version 17
VisualStudioVersion = 17.3.32825.248
MinimumVisualStudioVersion = 10.0.40219.1
Project("{FAE04EC0-301F-11D3-BF4B-00C04F79EFBC}") = "PresaleApi", "PresaleApi\PresaleApi.csproj", "{C128EC9F-E4A9-4890-8E79-E6362D6298B4}"
EndProject
Global
	GlobalSection(SolutionConfigurationPlatforms) = preSolution
		Debug|Any CPU = Debug|Any CPU
		Release|Any CPU = Release|Any CPU
	EndGlobalSection
	GlobalSection(ProjectConfigurationPlatforms) = postSolution
		{C128EC9F-E4A9-4890-8E79-E6362D6298B4}.Debug|Any CPU.ActiveCfg = Debug|Any CPU
		{C128EC9F-E4A9-4890-8E79-E6362D6298B4}.Debug|Any CPU.Build.0 = Debug|Any CPU
		{C128EC9F-E4A9-4890-8E79-E6362D6298B4}.Release|Any CPU.ActiveCfg = Release|Any CPU
		{C128EC9F-E4A9-4890-8E79-E6362D6298B4}.Release|Any CPU.Build.0 = Release|Any CPU
	EndGlobalSection
	GlobalSection(SolutionProperties) = preSolution
		HideSolutionNode = FALSE
	EndGlobalSection
	GlobalSection(ExtensibilityGlobals) = postSolution
		SolutionGuid = {99C23A70-4725-4D74-82B7-844EC158BD3D}
	EndGlobalSection
EndGlobal
